
Microsoft Visual Studio Solution File, Format Version 12.00
# Visual Studio Express 2013 for Windows Desktop
VisualStudioVersion = 12.0.31101.0
MinimumVisualStudioVersion = 10.0.40219.1
Project("{FAE04EC0-301F-11D3-BF4B-00C04F79EFBC}") = "SCO.Test", "Test\SCO.Test.csproj", "{FE5ABB36-98D8-466E-A8DD-C127D5344DA9}"
EndProject
Project("{8BC9CEB8-8B4A-11D0-8D11-00A0C91BC942}") = "SCO.Managed", "Wrapper\SCO.Managed.vcxproj", "{7D0F260A-A270-4FF9-89F4-860256F41CA3}"
EndProject
Project("{8BC9CEB8-8B4A-11D0-8D11-00A0C91BC942}") = "SCO.Native", "Native\SCO.Native.vcxproj", "{F0E207D5-5662-45D6-9429-F3FE7A36DA25}"
EndProject
Global
	GlobalSection(SolutionConfigurationPlatforms) = preSolution
		Debug|Any CPU = Debug|Any CPU
		Debug|Mixed Platforms = Debug|Mixed Platforms
		Debug|Win32 = Debug|Win32
		Release|Any CPU = Release|Any CPU
		Release|Mixed Platforms = Release|Mixed Platforms
		Release|Win32 = Release|Win32
	EndGlobalSection
	GlobalSection(ProjectConfigurationPlatforms) = postSolution
		{FE5ABB36-98D8-466E-A8DD-C127D5344DA9}.Debug|Any CPU.ActiveCfg = Debug|Any CPU
		{FE5ABB36-98D8-466E-A8DD-C127D5344DA9}.Debug|Any CPU.Build.0 = Debug|Any CPU
		{FE5ABB36-98D8-466E-A8DD-C127D5344DA9}.Debug|Mixed Platforms.ActiveCfg = Debug|Any CPU
		{FE5ABB36-98D8-466E-A8DD-C127D5344DA9}.Debug|Mixed Platforms.Build.0 = Debug|Any CPU
		{FE5ABB36-98D8-466E-A8DD-C127D5344DA9}.Debug|Win32.ActiveCfg = Debug|Any CPU
		{FE5ABB36-98D8-466E-A8DD-C127D5344DA9}.Debug|Win32.Build.0 = Debug|Any CPU
		{FE5ABB36-98D8-466E-A8DD-C127D5344DA9}.Release|Any CPU.ActiveCfg = Release|Any CPU
		{FE5ABB36-98D8-466E-A8DD-C127D5344DA9}.Release|Any CPU.Build.0 = Release|Any CPU
		{FE5ABB36-98D8-466E-A8DD-C127D5344DA9}.Release|Mixed Platforms.ActiveCfg = Release|Any CPU
		{FE5ABB36-98D8-466E-A8DD-C127D5344DA9}.Release|Mixed Platforms.Build.0 = Release|Any CPU
		{FE5ABB36-98D8-466E-A8DD-C127D5344DA9}.Release|Win32.ActiveCfg = Release|Any CPU
		{7D0F260A-A270-4FF9-89F4-860256F41CA3}.Debug|Any CPU.ActiveCfg = Debug|Win32
		{7D0F260A-A270-4FF9-89F4-860256F41CA3}.Debug|Mixed Platforms.ActiveCfg = Debug|Win32
		{7D0F260A-A270-4FF9-89F4-860256F41CA3}.Debug|Mixed Platforms.Build.0 = Debug|Win32
		{7D0F260A-A270-4FF9-89F4-860256F41CA3}.Debug|Win32.ActiveCfg = Debug|Win32
		{7D0F260A-A270-4FF9-89F4-860256F41CA3}.Debug|Win32.Build.0 = Debug|Win32
		{7D0F260A-A270-4FF9-89F4-860256F41CA3}.Release|Any CPU.ActiveCfg = Release|Win32
		{7D0F260A-A270-4FF9-89F4-860256F41CA3}.Release|Mixed Platforms.ActiveCfg = Release|Win32
		{7D0F260A-A270-4FF9-89F4-860256F41CA3}.Release|Mixed Platforms.Build.0 = Release|Win32
		{7D0F260A-A270-4FF9-89F4-860256F41CA3}.Release|Win32.ActiveCfg = Release|Win32
		{7D0F260A-A270-4FF9-89F4-860256F41CA3}.Release|Win32.Build.0 = Release|Win32
		{F0E207D5-5662-45D6-9429-F3FE7A36DA25}.Debug|Any CPU.ActiveCfg = Debug|Win32
		{F0E207D5-5662-45D6-9429-F3FE7A36DA25}.Debug|Mixed Platforms.ActiveCfg = Debug|Win32
		{F0E207D5-5662-45D6-9429-F3FE7A36DA25}.Debug|Mixed Platforms.Build.0 = Debug|Win32
		{F0E207D5-5662-45D6-9429-F3FE7A36DA25}.Debug|Win32.ActiveCfg = Debug|Win32
		{F0E207D5-5662-45D6-9429-F3FE7A36DA25}.Debug|Win32.Build.0 = Debug|Win32
		{F0E207D5-5662-45D6-9429-F3FE7A36DA25}.Release|Any CPU.ActiveCfg = Release|Win32
		{F0E207D5-5662-45D6-9429-F3FE7A36DA25}.Release|Mixed Platforms.ActiveCfg = Release|Win32
		{F0E207D5-5662-45D6-9429-F3FE7A36DA25}.Release|Mixed Platforms.Build.0 = Release|Win32
		{F0E207D5-5662-45D6-9429-F3FE7A36DA25}.Release|Win32.ActiveCfg = Release|Win32
		{F0E207D5-5662-45D6-9429-F3FE7A36DA25}.Release|Win32.Build.0 = Release|Win32
	EndGlobalSection
	GlobalSection(SolutionProperties) = preSolution
		HideSolutionNode = FALSE
	EndGlobalSection
EndGlobal
