
Microsoft Visual Studio Solution File, Format Version 11.00
# Visual Studio 2010
Project("{8BC9CEB8-8B4A-11D0-8D11-00A0C91BC942}") = "SCO.Managed", "SCO.Managed.vcxproj", "{7D0F260A-A270-4FF9-89F4-860256F41CA3}"
EndProject
Global
	GlobalSection(SolutionConfigurationPlatforms) = preSolution
		Debug|Win32 = Debug|Win32
		Release|Win32 = Release|Win32
	EndGlobalSection
	GlobalSection(ProjectConfigurationPlatforms) = postSolution
		{7D0F260A-A270-4FF9-89F4-860256F41CA3}.Debug|Win32.ActiveCfg = Debug|Win32
		{7D0F260A-A270-4FF9-89F4-860256F41CA3}.Debug|Win32.Build.0 = Debug|Win32
		{7D0F260A-A270-4FF9-89F4-860256F41CA3}.Release|Win32.ActiveCfg = Release|Win32
		{7D0F260A-A270-4FF9-89F4-860256F41CA3}.Release|Win32.Build.0 = Release|Win32
	EndGlobalSection
	GlobalSection(SolutionProperties) = preSolution
		HideSolutionNode = FALSE
	EndGlobalSection
EndGlobal
